
Microsoft Visual Studio Solution File, Format Version 12.00
# Visual Studio Version 16
VisualStudioVersion = 16.0.31702.278
MinimumVisualStudioVersion = 10.0.40219.1
Project("{FAE04EC0-301F-11D3-BF4B-00C04F79EFBC}") = "CalculadoraDinamica", "CalculadoraDinamica\CalculadoraDinamica.csproj", "{0C789D6B-7CBB-4C07-890C-E0E47736503A}"
EndProject
Global
	GlobalSection(SolutionConfigurationPlatforms) = preSolution
		Debug|Any CPU = Debug|Any CPU
		Release|Any CPU = Release|Any CPU
	EndGlobalSection
	GlobalSection(ProjectConfigurationPlatforms) = postSolution
		{0C789D6B-7CBB-4C07-890C-E0E47736503A}.Debug|Any CPU.ActiveCfg = Debug|Any CPU
		{0C789D6B-7CBB-4C07-890C-E0E47736503A}.Debug|Any CPU.Build.0 = Debug|Any CPU
		{0C789D6B-7CBB-4C07-890C-E0E47736503A}.Release|Any CPU.ActiveCfg = Release|Any CPU
		{0C789D6B-7CBB-4C07-890C-E0E47736503A}.Release|Any CPU.Build.0 = Release|Any CPU
	EndGlobalSection
	GlobalSection(SolutionProperties) = preSolution
		HideSolutionNode = FALSE
	EndGlobalSection
	GlobalSection(ExtensibilityGlobals) = postSolution
		SolutionGuid = {15791077-22C1-4E86-A5A6-0CCCD9E7148F}
	EndGlobalSection
EndGlobal
